apiVersion: vendir.k14s.io/v1alpha1
directories:
- contents:
  - helmChart:
      appVersion: 1.17.1
      version: 1.17.1
    path: crossplane
  path: config/helm/upstream
- contents:
  - git:
      commitTitle: 'Merge pull request #5956 from crossplane/backport-5868-to-release-1.17...'
      sha: a33ee41b1bfdc345a2b1ba7862ad7837011aad69
      tags:
      - v1.17.1
    path: crossplane
  path: config/carvel/upstream
kind: LockConfig
